// !$*UTF8*$!
{
	archiveVersion = 1;
	classes = {
	};
	objectVersion = 50;
	objects = {

/* Begin PBXBuildFile section */
		D6FF43CA2257BFF300C34CB0 /* AppDelegate.swift in Sources */ = {isa = PBXBuildFile; fileRef = D6FF43C92257BFF300C34CB0 /* AppDelegate.swift */; };
		D6FF43CC2257BFF300C34CB0 /* ViewController.swift in Sources */ = {isa = PBXBuildFile; fileRef = D6FF43CB2257BFF300C34CB0 /* ViewController.swift */; };
		D6FF43CF2257BFF300C34CB0 /* Main.storyboard in Resources */ = {isa = PBXBuildFile; fileRef = D6FF43CD2257BFF300C34CB0 /* Main.storyboard */; };
		D6FF43D12257BFF500C34CB0 /* Assets.xcassets in Resources */ = {isa = PBXBuildFile; fileRef = D6FF43D02257BFF500C34CB0 /* Assets.xcassets */; };
		D6FF43D42257BFF500C34CB0 /* LaunchScreen.storyboard in Resources */ = {isa = PBXBuildFile; fileRef = D6FF43D22257BFF500C34CB0 /* LaunchScreen.storyboard */; };
		D6FF43DF2257BFF500C34CB0 /* HelloTests.swift in Sources */ = {isa = PBXBuildFile; fileRef = D6FF43DE2257BFF500C34CB0 /* HelloTests.swift */; };
		D6FF43EA2257BFF500C34CB0 /* HelloUITests.swift in Sources */ = {isa = PBXBuildFile; fileRef = D6FF43E92257BFF500C34CB0 /* HelloUITests.swift */; };
/* End PBXBuildFile section */

/* Begin PBXContainerItemProxy section */
		D6FF43DB2257BFF500C34CB0 /* PBXContainerItemProxy */ = {
			isa = PBXContainerItemProxy;
			containerPortal = D6FF43BE2257BFF300C34CB0 /* Project object */;
			proxyType = 1;
			remoteGlobalIDString = D6FF43C52257BFF300C34CB0;
			remoteInfo = Hello;
		};
		D6FF43E62257BFF500C34CB0 /* PBXContainerItemProxy */ = {
			isa = PBXContainerItemProxy;
			containerPortal = D6FF43BE2257BFF300C34CB0 /* Project object */;
			proxyType = 1;
			remoteGlobalIDString = D6FF43C52257BFF300C34CB0;
			remoteInfo = Hello;
		};
/* End PBXContainerItemProxy section */

/* Begin PBXFileReference section */
		D6FF43C62257BFF300C34CB0 /* Hello.app */ = {isa = PBXFileReference; explicitFileType = wrapper.application; includeInIndex = 0; path = Hello.app; sourceTree = BUILT_PRODUCTS_DIR; };
		D6FF43C92257BFF300C34CB0 /* AppDelegate.swift */ = {isa = PBXFileReference; lastKnownFileType = sourcecode.swift; path = AppDelegate.swift; sourceTree = "<group>"; };
		D6FF43CB2257BFF300C34CB0 /* ViewController.swift */ = {isa = PBXFileReference; lastKnownFileType = sourcecode.swift; path = ViewController.swift; sourceTree = "<group>"; };
		D6FF43CE2257BFF300C34CB0 /* Base */ = {isa = PBXFileReference; lastKnownFileType = file.storyboard; name = Base; path = Base.lproj/Main.storyboard; sourceTree = "<group>"; };
		D6FF43D02257BFF500C34CB0 /* Assets.xcassets */ = {isa = PBXFileReference; lastKnownFileType = folder.assetcatalog; path = Assets.xcassets; sourceTree = "<group>"; };
		D6FF43D32257BFF500C34CB0 /* Base */ = {isa = PBXFileReference; lastKnownFileType = file.storyboard; name = Base; path = Base.lproj/LaunchScreen.storyboard; sourceTree = "<group>"; };
		D6FF43D52257BFF500C34CB0 /* Info.plist */ = {isa = PBXFileReference; lastKnownFileType = text.plist.xml; path = Info.plist; sourceTree = "<group>"; };
		D6FF43DA2257BFF500C34CB0 /* HelloTests.xctest */ = {isa = PBXFileReference; explicitFileType = wrapper.cfbundle; includeInIndex = 0; path = HelloTests.xctest; sourceTree = BUILT_PRODUCTS_DIR; };
		D6FF43DE2257BFF500C34CB0 /* HelloTests.swift */ = {isa = PBXFileReference; lastKnownFileType = sourcecode.swift; path = HelloTests.swift; sourceTree = "<group>"; };
		D6FF43E02257BFF500C34CB0 /* Info.plist */ = {isa = PBXFileReference; lastKnownFileType = text.plist.xml; path = Info.plist; sourceTree = "<group>"; };
		D6FF43E52257BFF500C34CB0 /* HelloUITests.xctest */ = {isa = PBXFileReference; explicitFileType = wrapper.cfbundle; includeInIndex = 0; path = HelloUITests.xctest; sourceTree = BUILT_PRODUCTS_DIR; };
		D6FF43E92257BFF500C34CB0 /* HelloUITests.swift */ = {isa = PBXFileReference; lastKnownFileType = sourcecode.swift; path = HelloUITests.swift; sourceTree = "<group>"; };
		D6FF43EB2257BFF500C34CB0 /* Info.plist */ = {isa = PBXFileReference; lastKnownFileType = text.plist.xml; path = Info.plist; sourceTree = "<group>"; };
/* End PBXFileReference section */

/* Begin PBXFrameworksBuildPhase section */
		D6FF43C32257BFF300C34CB0 /* Frameworks */ = {
			isa = PBXFrameworksBuildPhase;
			buildActionMask = 2147483647;
			files = (
			);
			runOnlyForDeploymentPostprocessing = 0;
		};
		D6FF43D72257BFF500C34CB0 /* Frameworks */ = {
			isa = PBXFrameworksBuildPhase;
			buildActionMask = 2147483647;
			files = (
			);
			runOnlyForDeploymentPostprocessing = 0;
		};
		D6FF43E22257BFF500C34CB0 /* Frameworks */ = {
			isa = PBXFrameworksBuildPhase;
			buildActionMask = 2147483647;
			files = (
			);
			runOnlyForDeploymentPostprocessing = 0;
		};
/* End PBXFrameworksBuildPhase section */

/* Begin PBXGroup section */
		D6FF43BD2257BFF300C34CB0 = {
			isa = PBXGroup;
			children = (
				D6FF43C82257BFF300C34CB0 /* Hello */,
				D6FF43DD2257BFF500C34CB0 /* HelloTests */,
				D6FF43E82257BFF500C34CB0 /* HelloUITests */,
				D6FF43C72257BFF300C34CB0 /* Products */,
			);
			sourceTree = "<group>";
		};
		D6FF43C72257BFF300C34CB0 /* Products */ = {
			isa = PBXGroup;
			children = (
				D6FF43C62257BFF300C34CB0 /* Hello.app */,
				D6FF43DA2257BFF500C34CB0 /* HelloTests.xctest */,
				D6FF43E52257BFF500C34CB0 /* HelloUITests.xctest */,
			);
			name = Products;
			sourceTree = "<group>";
		};
		D6FF43C82257BFF300C34CB0 /* Hello */ = {
			isa = PBXGroup;
			children = (
				D6FF43C92257BFF300C34CB0 /* AppDelegate.swift */,
				D6FF43CB2257BFF300C34CB0 /* ViewController.swift */,
				D6FF43CD2257BFF300C34CB0 /* Main.storyboard */,
				D6FF43D02257BFF500C34CB0 /* Assets.xcassets */,
				D6FF43D22257BFF500C34CB0 /* LaunchScreen.storyboard */,
				D6FF43D52257BFF500C34CB0 /* Info.plist */,
			);
			path = Hello;
			sourceTree = "<group>";
		};
		D6FF43DD2257BFF500C34CB0 /* HelloTests */ = {
			isa = PBXGroup;
			children = (
				D6FF43DE2257BFF500C34CB0 /* HelloTests.swift */,
				D6FF43E02257BFF500C34CB0 /* Info.plist */,
			);
			path = HelloTests;
			sourceTree = "<group>";
		};
		D6FF43E82257BFF500C34CB0 /* HelloUITests */ = {
			isa = PBXGroup;
			children = (
				D6FF43E92257BFF500C34CB0 /* HelloUITests.swift */,
				D6FF43EB2257BFF500C34CB0 /* Info.plist */,
			);
			path = HelloUITests;
			sourceTree = "<group>";
		};
/* End PBXGroup section */

/* Begin PBXNativeTarget section */
		D6FF43C52257BFF300C34CB0 /* Hello */ = {
			isa = PBXNativeTarget;
			buildConfigurationList = D6FF43EE2257BFF500C34CB0 /* Build configuration list for PBXNativeTarget "Hello" */;
			buildPhases = (
				D6FF43C22257BFF300C34CB0 /* Sources */,
				D6FF43C32257BFF300C34CB0 /* Frameworks */,
				D6FF43C42257BFF300C34CB0 /* Resources */,
			);
			buildRules = (
			);
			dependencies = (
			);
			name = Hello;
			productName = Hello;
			productReference = D6FF43C62257BFF300C34CB0 /* Hello.app */;
			productType = "com.apple.product-type.application";
		};
		D6FF43D92257BFF500C34CB0 /* HelloTests */ = {
			isa = PBXNativeTarget;
			buildConfigurationList = D6FF43F12257BFF500C34CB0 /* Build configuration list for PBXNativeTarget "HelloTests" */;
			buildPhases = (
				D6FF43D62257BFF500C34CB0 /* Sources */,
				D6FF43D72257BFF500C34CB0 /* Frameworks */,
				D6FF43D82257BFF500C34CB0 /* Resources */,
			);
			buildRules = (
			);
			dependencies = (
				D6FF43DC2257BFF500C34CB0 /* PBXTargetDependency */,
			);
			name = HelloTests;
			productName = HelloTests;
			productReference = D6FF43DA2257BFF500C34CB0 /* HelloTests.xctest */;
			productType = "com.apple.product-type.bundle.unit-test";
		};
		D6FF43E42257BFF500C34CB0 /* HelloUITests */ = {
			isa = PBXNativeTarget;
			buildConfigurationList = D6FF43F42257BFF500C34CB0 /* Build configuration list for PBXNativeTarget "HelloUITests" */;
			buildPhases = (
				D6FF43E12257BFF500C34CB0 /* Sources */,
				D6FF43E22257BFF500C34CB0 /* Frameworks */,
				D6FF43E32257BFF500C34CB0 /* Resources */,
			);
			buildRules = (
			);
			dependencies = (
				D6FF43E72257BFF500C34CB0 /* PBXTargetDependency */,
			);
			name = HelloUITests;
			productName = HelloUITests;
			productReference = D6FF43E52257BFF500C34CB0 /* HelloUITests.xctest */;
			productType = "com.apple.product-type.bundle.ui-testing";
		};
/* End PBXNativeTarget section */

/* Begin PBXProject section */
		D6FF43BE2257BFF300C34CB0 /* Project object */ = {
			isa = PBXProject;
			attributes = {
				LastSwiftUpdateCheck = 1010;
				LastUpgradeCheck = 1010;
				ORGANIZATIONNAME = Student2562;
				TargetAttributes = {
					D6FF43C52257BFF300C34CB0 = {
						CreatedOnToolsVersion = 10.1;
					};
					D6FF43D92257BFF500C34CB0 = {
						CreatedOnToolsVersion = 10.1;
						TestTargetID = D6FF43C52257BFF300C34CB0;
					};
					D6FF43E42257BFF500C34CB0 = {
						CreatedOnToolsVersion = 10.1;
						TestTargetID = D6FF43C52257BFF300C34CB0;
					};
				};
			};
			buildConfigurationList = D6FF43C12257BFF300C34CB0 /* Build configuration list for PBXProject "Hello" */;
			compatibilityVersion = "Xcode 9.3";
			developmentRegion = en;
			hasScannedForEncodings = 0;
			knownRegions = (
				en,
				Base,
			);
			mainGroup = D6FF43BD2257BFF300C34CB0;
			productRefGroup = D6FF43C72257BFF300C34CB0 /* Products */;
			projectDirPath = "";
			projectRoot = "";
			targets = (
				D6FF43C52257BFF300C34CB0 /* Hello */,
				D6FF43D92257BFF500C34CB0 /* HelloTests */,
				D6FF43E42257BFF500C34CB0 /* HelloUITests */,
			);
		};
/* End PBXProject section */

/* Begin PBXResourcesBuildPhase section */
		D6FF43C42257BFF300C34CB0 /* Resources */ = {
			isa = PBXResourcesBuildPhase;
			buildActionMask = 2147483647;
			files = (
				D6FF43D42257BFF500C34CB0 /* LaunchScreen.storyboard in Resources */,
				D6FF43D12257BFF500C34CB0 /* Assets.xcassets in Resources */,
				D6FF43CF2257BFF300C34CB0 /* Main.storyboard in Resources */,
			);
			runOnlyForDeploymentPostprocessing = 0;
		};
		D6FF43D82257BFF500C34CB0 /* Resources */ = {
			isa = PBXResourcesBuildPhase;
			buildActionMask = 2147483647;
			files = (
			);
			runOnlyForDeploymentPostprocessing = 0;
		};
		D6FF43E32257BFF500C34CB0 /* Resources */ = {
			isa = PBXResourcesBuildPhase;
			buildActionMask = 2147483647;
			files = (
			);
			runOnlyForDeploymentPostprocessing = 0;
		};
/* End PBXResourcesBuildPhase section */

/* Begin PBXSourcesBuildPhase section */
		D6FF43C22257BFF300C34CB0 /* Sources */ = {
			isa = PBXSourcesBuildPhase;
			buildActionMask = 2147483647;
			files = (
				D6FF43CC2257BFF300C34CB0 /* ViewController.swift in Sources */,
				D6FF43CA2257BFF300C34CB0 /* AppDelegate.swift in Sources */,
			);
			runOnlyForDeploymentPostprocessing = 0;
		};
		D6FF43D62257BFF500C34CB0 /* Sources */ = {
			isa = PBXSourcesBuildPhase;
			buildActionMask = 2147483647;
			files = (
				D6FF43DF2257BFF500C34CB0 /* HelloTests.swift in Sources */,
			);
			runOnlyForDeploymentPostprocessing = 0;
		};
		D6FF43E12257BFF500C34CB0 /* Sources */ = {
			isa = PBXSourcesBuildPhase;
			buildActionMask = 2147483647;
			files = (
				D6FF43EA2257BFF500C34CB0 /* HelloUITests.swift in Sources */,
			);
			runOnlyForDeploymentPostprocessing = 0;
		};
/* End PBXSourcesBuildPhase section */

/* Begin PBXTargetDependency section */
		D6FF43DC2257BFF500C34CB0 /* PBXTargetDependency */ = {
			isa = PBXTargetDependency;
			target = D6FF43C52257BFF300C34CB0 /* Hello */;
			targetProxy = D6FF43DB2257BFF500C34CB0 /* PBXContainerItemProxy */;
		};
		D6FF43E72257BFF500C34CB0 /* PBXTargetDependency */ = {
			isa = PBXTargetDependency;
			target = D6FF43C52257BFF300C34CB0 /* Hello */;
			targetProxy = D6FF43E62257BFF500C34CB0 /* PBXContainerItemProxy */;
		};
/* End PBXTargetDependency section */

/* Begin PBXVariantGroup section */
		D6FF43CD2257BFF300C34CB0 /* Main.storyboard */ = {
			isa = PBXVariantGroup;
			children = (
				D6FF43CE2257BFF300C34CB0 /* Base */,
			);
			name = Main.storyboard;
			sourceTree = "<group>";
		};
		D6FF43D22257BFF500C34CB0 /* LaunchScreen.storyboard */ = {
			isa = PBXVariantGroup;
			children = (
				D6FF43D32257BFF500C34CB0 /* Base */,
			);
			name = LaunchScreen.storyboard;
			sourceTree = "<group>";
		};
/* End PBXVariantGroup section */

/* Begin XCBuildConfiguration section */
		D6FF43EC2257BFF500C34CB0 /* Debug */ = {
			isa = XCBuildConfiguration;
			buildSettings = {
				ALWAYS_SEARCH_USER_PATHS = NO;
				CLANG_ANALYZER_NONNULL = YES;
				CLANG_ANALYZER_NUMBER_OBJECT_CONVERSION = YES_AGGRESSIVE;
				CLANG_CXX_LANGUAGE_STANDARD = "gnu++14";
				CLANG_CXX_LIBRARY = "libc++";
				CLANG_ENABLE_MODULES = YES;
				CLANG_ENABLE_OBJC_ARC = YES;
				CLANG_ENABLE_OBJC_WEAK = YES;
				CLANG_WARN_BLOCK_CAPTURE_AUTORELEASING = YES;
				CLANG_WARN_BOOL_CONVERSION = YES;
				CLANG_WARN_COMMA = YES;
				CLANG_WARN_CONSTANT_CONVERSION = YES;
				CLANG_WARN_DEPRECATED_OBJC_IMPLEMENTATIONS = YES;
				CLANG_WARN_DIRECT_OBJC_ISA_USAGE = YES_ERROR;
				CLANG_WARN_DOCUMENTATION_COMMENTS = YES;
				CLANG_WARN_EMPTY_BODY = YES;
				CLANG_WARN_ENUM_CONVERSION = YES;
				CLANG_WARN_INFINITE_RECURSION = YES;
				CLANG_WARN_INT_CONVERSION = YES;
				CLANG_WARN_NON_LITERAL_NULL_CONVERSION = YES;
				CLANG_WARN_OBJC_IMPLICIT_RETAIN_SELF = YES;
				CLANG_WARN_OBJC_LITERAL_CONVERSION = YES;
				CLANG_WARN_OBJC_ROOT_CLASS = YES_ERROR;
				CLANG_WARN_RANGE_LOOP_ANALYSIS = YES;
				CLANG_WARN_STRICT_PROTOTYPES = YES;
				CLANG_WARN_SUSPICIOUS_MOVE = YES;
				CLANG_WARN_UNGUARDED_AVAILABILITY = YES_AGGRESSIVE;
				CLANG_WARN_UNREACHABLE_CODE = YES;
				CLANG_WARN__DUPLICATE_METHOD_MATCH = YES;
				CODE_SIGN_IDENTITY = "iPhone Developer";
				COPY_PHASE_STRIP = NO;
				DEBUG_INFORMATION_FORMAT = dwarf;
				ENABLE_STRICT_OBJC_MSGSEND = YES;
				ENABLE_TESTABILITY = YES;
				GCC_C_LANGUAGE_STANDARD = gnu11;
				GCC_DYNAMIC_NO_PIC = NO;
				GCC_NO_COMMON_BLOCKS = YES;
				GCC_OPTIMIZATION_LEVEL = 0;
				GCC_PREPROCESSOR_DEFINITIONS = (
					"DEBUG=1",
					"$(inherited)",
				);
				GCC_WARN_64_TO_32_BIT_CONVERSION = YES;
				GCC_WARN_ABOUT_RETURN_TYPE = YES_ERROR;
				GCC_WARN_UNDECLARED_SELECTOR = YES;
				GCC_WARN_UNINITIALIZED_AUTOS = YES_AGGRESSIVE;
				GCC_WARN_UNUSED_FUNCTION = YES;
				GCC_WARN_UNUSED_VARIABLE = YES;
				IPHONEOS_DEPLOYMENT_TARGET = 12.1;
				MTL_ENABLE_DEBUG_INFO = INCLUDE_SOURCE;
				MTL_FAST_MATH = YES;
				ONLY_ACTIVE_ARCH = YES;
				SDKROOT = iphoneos;
				SWIFT_ACTIVE_COMPILATION_CONDITIONS = DEBUG;
				SWIFT_OPTIMIZATION_LEVEL = "-Onone";
			};
			name = Debug;
		};
		D6FF43ED2257BFF500C34CB0 /* Release */ = {
			isa = XCBuildConfiguration;
			buildSettings = {
				ALWAYS_SEARCH_USER_PATHS = NO;
				CLANG_ANALYZER_NONNULL = YES;
				CLANG_ANALYZER_NUMBER_OBJECT_CONVERSION = YES_AGGRESSIVE;
				CLANG_CXX_LANGUAGE_STANDARD = "gnu++14";
				CLANG_CXX_LIBRARY = "libc++";
				CLANG_ENABLE_MODULES = YES;
				CLANG_ENABLE_OBJC_ARC = YES;
				CLANG_ENABLE_OBJC_WEAK = YES;
				CLANG_WARN_BLOCK_CAPTURE_AUTORELEASING = YES;
				CLANG_WARN_BOOL_CONVERSION = YES;
				CLANG_WARN_COMMA = YES;
				CLANG_WARN_CONSTANT_CONVERSION = YES;
				CLANG_WARN_DEPRECATED_OBJC_IMPLEMENTATIONS = YES;
				CLANG_WARN_DIRECT_OBJC_ISA_USAGE = YES_ERROR;
				CLANG_WARN_DOCUMENTATION_COMMENTS = YES;
				CLANG_WARN_EMPTY_BODY = YES;
				CLANG_WARN_ENUM_CONVERSION = YES;
				CLANG_WARN_INFINITE_RECURSION = YES;
				CLANG_WARN_INT_CONVERSION = YES;
				CLANG_WARN_NON_LITERAL_NULL_CONVERSION = YES;
				CLANG_WARN_OBJC_IMPLICIT_RETAIN_SELF = YES;
				CLANG_WARN_OBJC_LITERAL_CONVERSION = YES;
				CLANG_WARN_OBJC_ROOT_CLASS = YES_ERROR;
				CLANG_WARN_RANGE_LOOP_ANALYSIS = YES;
				CLANG_WARN_STRICT_PROTOTYPES = YES;
				CLANG_WARN_SUSPICIOUS_MOVE = YES;
				CLANG_WARN_UNGUARDED_AVAILABILITY = YES_AGGRESSIVE;
				CLANG_WARN_UNREACHABLE_CODE = YES;
				CLANG_WARN__DUPLICATE_METHOD_MATCH = YES;
				CODE_SIGN_IDENTITY = "iPhone Developer";
				COPY_PHASE_STRIP = NO;
				DEBUG_INFORMATION_FORMAT = "dwarf-with-dsym";
				ENABLE_NS_ASSERTIONS = NO;
				ENABLE_STRICT_OBJC_MSGSEND = YES;
				GCC_C_LANGUAGE_STANDARD = gnu11;
				GCC_NO_COMMON_BLOCKS = YES;
				GCC_WARN_64_TO_32_BIT_CONVERSION = YES;
				GCC_WARN_ABOUT_RETURN_TYPE = YES_ERROR;
				GCC_WARN_UNDECLARED_SELECTOR = YES;
				GCC_WARN_UNINITIALIZED_AUTOS = YES_AGGRESSIVE;
				GCC_WARN_UNUSED_FUNCTION = YES;
				GCC_WARN_UNUSED_VARIABLE = YES;
				IPHONEOS_DEPLOYMENT_TARGET = 12.1;
				MTL_ENABLE_DEBUG_INFO = NO;
				MTL_FAST_MATH = YES;
				SDKROOT = iphoneos;
				SWIFT_COMPILATION_MODE = wholemodule;
				SWIFT_OPTIMIZATION_LEVEL = "-O";
				VALIDATE_PRODUCT = YES;
			};
			name = Release;
		};
		D6FF43EF2257BFF500C34CB0 /* Debug */ = {
			isa = XCBuildConfiguration;
			buildSettings = {
				ASSETCATALOG_COMPILER_APPICON_NAME = AppIcon;
				CODE_SIGN_STYLE = Automatic;
				INFOPLIST_FILE = Hello/Info.plist;
				LD_RUNPATH_SEARCH_PATHS = (
					"$(inherited)",
					"@executable_path/Frameworks",
				);
				PRODUCT_BUNDLE_IDENTIFIER = testing.Hello;
				PRODUCT_NAME = "$(TARGET_NAME)";
				SWIFT_VERSION = 4.2;
				TARGETED_DEVICE_FAMILY = "1,2";
			};
			name = Debug;
		};
		D6FF43F02257BFF500C34CB0 /* Release */ = {
			isa = XCBuildConfiguration;
			buildSettings = {
				ASSETCATALOG_COMPILER_APPICON_NAME = AppIcon;
				CODE_SIGN_STYLE = Automatic;
				INFOPLIST_FILE = Hello/Info.plist;
				LD_RUNPATH_SEARCH_PATHS = (
					"$(inherited)",
					"@executable_path/Frameworks",
				);
				PRODUCT_BUNDLE_IDENTIFIER = testing.Hello;
				PRODUCT_NAME = "$(TARGET_NAME)";
				SWIFT_VERSION = 4.2;
				TARGETED_DEVICE_FAMILY = "1,2";
			};
			name = Release;
		};
		D6FF43F22257BFF500C34CB0 /* Debug */ = {
			isa = XCBuildConfiguration;
			buildSettings = {
				ALWAYS_EMBED_SWIFT_STANDARD_LIBRARIES = YES;
				BUNDLE_LOADER = "$(TEST_HOST)";
				CODE_SIGN_STYLE = Automatic;
				INFOPLIST_FILE = HelloTests/Info.plist;
				LD_RUNPATH_SEARCH_PATHS = (
					"$(inherited)",
					"@executable_path/Frameworks",
					"@loader_path/Frameworks",
				);
				PRODUCT_BUNDLE_IDENTIFIER = testing.HelloTests;
				PRODUCT_NAME = "$(TARGET_NAME)";
				SWIFT_VERSION = 4.2;
				TARGETED_DEVICE_FAMILY = "1,2";
				TEST_HOST = "$(BUILT_PRODUCTS_DIR)/Hello.app/Hello";
			};
			name = Debug;
		};
		D6FF43F32257BFF500C34CB0 /* Release */ = {
			isa = XCBuildConfiguration;
			buildSettings = {
				ALWAYS_EMBED_SWIFT_STANDARD_LIBRARIES = YES;
				BUNDLE_LOADER = "$(TEST_HOST)";
				CODE_SIGN_STYLE = Automatic;
				INFOPLIST_FILE = HelloTests/Info.plist;
				LD_RUNPATH_SEARCH_PATHS = (
					"$(inherited)",
					"@executable_path/Frameworks",
					"@loader_path/Frameworks",
				);
				PRODUCT_BUNDLE_IDENTIFIER = testing.HelloTests;
				PRODUCT_NAME = "$(TARGET_NAME)";
				SWIFT_VERSION = 4.2;
				TARGETED_DEVICE_FAMILY = "1,2";
				TEST_HOST = "$(BUILT_PRODUCTS_DIR)/Hello.app/Hello";
			};
			name = Release;
		};
		D6FF43F52257BFF500C34CB0 /* Debug */ = {
			isa = XCBuildConfiguration;
			buildSettings = {
				ALWAYS_EMBED_SWIFT_STANDARD_LIBRARIES = YES;
				CODE_SIGN_STYLE = Automatic;
				INFOPLIST_FILE = HelloUITests/Info.plist;
				LD_RUNPATH_SEARCH_PATHS = (
					"$(inherited)",
					"@executable_path/Frameworks",
					"@loader_path/Frameworks",
				);
				PRODUCT_BUNDLE_IDENTIFIER = testing.HelloUITests;
				PRODUCT_NAME = "$(TARGET_NAME)";
				SWIFT_VERSION = 4.2;
				TARGETED_DEVICE_FAMILY = "1,2";
				TEST_TARGET_NAME = Hello;
			};
			name = Debug;
		};
		D6FF43F62257BFF500C34CB0 /* Release */ = {
			isa = XCBuildConfiguration;
			buildSettings = {
				ALWAYS_EMBED_SWIFT_STANDARD_LIBRARIES = YES;
				CODE_SIGN_STYLE = Automatic;
				INFOPLIST_FILE = HelloUITests/Info.plist;
				LD_RUNPATH_SEARCH_PATHS = (
					"$(inherited)",
					"@executable_path/Frameworks",
					"@loader_path/Frameworks",
				);
				PRODUCT_BUNDLE_IDENTIFIER = testing.HelloUITests;
				PRODUCT_NAME = "$(TARGET_NAME)";
				SWIFT_VERSION = 4.2;
				TARGETED_DEVICE_FAMILY = "1,2";
				TEST_TARGET_NAME = Hello;
			};
			name = Release;
		};
/* End XCBuildConfiguration section */

/* Begin XCConfigurationList section */
		D6FF43C12257BFF300C34CB0 /* Build configuration list for PBXProject "Hello" */ = {
			isa = XCConfigurationList;
			buildConfigurations = (
				D6FF43EC2257BFF500C34CB0 /* Debug */,
				D6FF43ED2257BFF500C34CB0 /* Release */,
			);
			defaultConfigurationIsVisible = 0;
			defaultConfigurationName = Release;
		};
		D6FF43EE2257BFF500C34CB0 /* Build configuration list for PBXNativeTarget "Hello" */ = {
			isa = XCConfigurationList;
			buildConfigurations = (
				D6FF43EF2257BFF500C34CB0 /* Debug */,
				D6FF43F02257BFF500C34CB0 /* Release */,
			);
			defaultConfigurationIsVisible = 0;
			defaultConfigurationName = Release;
		};
		D6FF43F12257BFF500C34CB0 /* Build configuration list for PBXNativeTarget "HelloTests" */ = {
			isa = XCConfigurationList;
			buildConfigurations = (
				D6FF43F22257BFF500C34CB0 /* Debug */,
				D6FF43F32257BFF500C34CB0 /* Release */,
			);
			defaultConfigurationIsVisible = 0;
			defaultConfigurationName = Release;
		};
		D6FF43F42257BFF500C34CB0 /* Build configuration list for PBXNativeTarget "HelloUITests" */ = {
			isa = XCConfigurationList;
			buildConfigurations = (
				D6FF43F52257BFF500C34CB0 /* Debug */,
				D6FF43F62257BFF500C34CB0 /* Release */,
			);
			defaultConfigurationIsVisible = 0;
			defaultConfigurationName = Release;
		};
/* End XCConfigurationList section */
	};
	rootObject = D6FF43BE2257BFF300C34CB0 /* Project object */;
}
